// !$*UTF8*$!
{
	archiveVersion = 1;
	classes = {
	};
	objectVersion = 48;
	objects = {

/* Begin PBXBuildFile section */
		F8ECFBD41F962B4100B34E55 /* main.c in Sources */ = {isa = PBXBuildFile; fileRef = F8ECFBD31F962B4100B34E55 /* main.c */; };
		F8F4D0E91F977129007936A0 /* max-serial.c in Sources */ = {isa = PBXBuildFile; fileRef = F8F4D0E81F977129007936A0 /* max-serial.c */; };
		F8F4D0EB1F977BB2007936A0 /* max-mpi-v1.c in Sources */ = {isa = PBXBuildFile; fileRef = F8F4D0EA1F977BB2007936A0 /* max-mpi-v1.c */; };
		F8F4D0EE1F989F67007936A0 /* max-mpi-v2.c in Sources */ = {isa = PBXBuildFile; fileRef = F8F4D0EC1F989F67007936A0 /* max-mpi-v2.c */; };
/* End PBXBuildFile section */

/* Begin PBXCopyFilesBuildPhase section */
		F8ECFBCE1F962B4100B34E55 /* CopyFiles */ = {
			isa = PBXCopyFilesBuildPhase;
			buildActionMask = 2147483647;
			dstPath = /usr/share/man/man1/;
			dstSubfolderSpec = 0;
			files = (
			);
			runOnlyForDeploymentPostprocessing = 1;
		};
/* End PBXCopyFilesBuildPhase section */

/* Begin PBXFileReference section */
		F8ECFBD01F962B4100B34E55 /* mpi_hello */ = {isa = PBXFileReference; explicitFileType = "compiled.mach-o.executable"; includeInIndex = 0; path = mpi_hello; sourceTree = BUILT_PRODUCTS_DIR; };
		F8ECFBD31F962B4100B34E55 /* main.c */ = {isa = PBXFileReference; lastKnownFileType = sourcecode.c.c; path = main.c; sourceTree = "<group>"; };
		F8F4D0E81F977129007936A0 /* max-serial.c */ = {isa = PBXFileReference; lastKnownFileType = sourcecode.c.c; path = "max-serial.c"; sourceTree = "<group>"; };
		F8F4D0EA1F977BB2007936A0 /* max-mpi-v1.c */ = {isa = PBXFileReference; lastKnownFileType = sourcecode.c.c; path = "max-mpi-v1.c"; sourceTree = "<group>"; };
		F8F4D0EC1F989F67007936A0 /* max-mpi-v2.c */ = {isa = PBXFileReference; lastKnownFileType = sourcecode.c.c; path = "max-mpi-v2.c"; sourceTree = "<group>"; };
/* End PBXFileReference section */

/* Begin PBXFrameworksBuildPhase section */
		F8ECFBCD1F962B4100B34E55 /* Frameworks */ = {
			isa = PBXFrameworksBuildPhase;
			buildActionMask = 2147483647;
			files = (
			);
			runOnlyForDeploymentPostprocessing = 0;
		};
/* End PBXFrameworksBuildPhase section */

/* Begin PBXGroup section */
		F8ECFBC71F962B4100B34E55 = {
			isa = PBXGroup;
			children = (
				F8ECFBD21F962B4100B34E55 /* mpi_hello */,
				F8ECFBD11F962B4100B34E55 /* Products */,
			);
			sourceTree = "<group>";
		};
		F8ECFBD11F962B4100B34E55 /* Products */ = {
			isa = PBXGroup;
			children = (
				F8ECFBD01F962B4100B34E55 /* mpi_hello */,
			);
			name = Products;
			sourceTree = "<group>";
		};
		F8ECFBD21F962B4100B34E55 /* mpi_hello */ = {
			isa = PBXGroup;
			children = (
				F8ECFBD31F962B4100B34E55 /* main.c */,
				F8F4D0E81F977129007936A0 /* max-serial.c */,
				F8F4D0EA1F977BB2007936A0 /* max-mpi-v1.c */,
				F8F4D0EC1F989F67007936A0 /* max-mpi-v2.c */,
			);
			path = mpi_hello;
			sourceTree = "<group>";
		};
/* End PBXGroup section */

/* Begin PBXNativeTarget section */
		F8ECFBCF1F962B4100B34E55 /* mpi_hello */ = {
			isa = PBXNativeTarget;
			buildConfigurationList = F8ECFBD71F962B4100B34E55 /* Build configuration list for PBXNativeTarget "mpi_hello" */;
			buildPhases = (
				F8ECFBCC1F962B4100B34E55 /* Sources */,
				F8ECFBCD1F962B4100B34E55 /* Frameworks */,
				F8ECFBCE1F962B4100B34E55 /* CopyFiles */,
			);
			buildRules = (
			);
			dependencies = (
			);
			name = mpi_hello;
			productName = mpi_hello;
			productReference = F8ECFBD01F962B4100B34E55 /* mpi_hello */;
			productType = "com.apple.product-type.tool";
		};
/* End PBXNativeTarget section */

/* Begin PBXProject section */
		F8ECFBC81F962B4100B34E55 /* Project object */ = {
			isa = PBXProject;
			attributes = {
				LastUpgradeCheck = 0900;
				ORGANIZATIONNAME = Gulsum;
				TargetAttributes = {
					F8ECFBCF1F962B4100B34E55 = {
						CreatedOnToolsVersion = 9.0;
						ProvisioningStyle = Automatic;
					};
				};
			};
			buildConfigurationList = F8ECFBCB1F962B4100B34E55 /* Build configuration list for PBXProject "mpi_hello" */;
			compatibilityVersion = "Xcode 8.0";
			developmentRegion = en;
			hasScannedForEncodings = 0;
			knownRegions = (
				en,
			);
			mainGroup = F8ECFBC71F962B4100B34E55;
			productRefGroup = F8ECFBD11F962B4100B34E55 /* Products */;
			projectDirPath = "";
			projectRoot = "";
			targets = (
				F8ECFBCF1F962B4100B34E55 /* mpi_hello */,
			);
		};
/* End PBXProject section */

/* Begin PBXSourcesBuildPhase section */
		F8ECFBCC1F962B4100B34E55 /* Sources */ = {
			isa = PBXSourcesBuildPhase;
			buildActionMask = 2147483647;
			files = (
				F8ECFBD41F962B4100B34E55 /* main.c in Sources */,
				F8F4D0EB1F977BB2007936A0 /* max-mpi-v1.c in Sources */,
				F8F4D0E91F977129007936A0 /* max-serial.c in Sources */,
				F8F4D0EE1F989F67007936A0 /* max-mpi-v2.c in Sources */,
			);
			runOnlyForDeploymentPostprocessing = 0;
		};
/* End PBXSourcesBuildPhase section */

/* Begin XCBuildConfiguration section */
		F8ECFBD51F962B4100B34E55 /* Debug */ = {
			isa = XCBuildConfiguration;
			buildSettings = {
				ALWAYS_SEARCH_USER_PATHS = NO;
				CLANG_ANALYZER_NONNULL = YES;
				CLANG_ANALYZER_NUMBER_OBJECT_CONVERSION = YES_AGGRESSIVE;
				CLANG_CXX_LANGUAGE_STANDARD = "gnu++14";
				CLANG_CXX_LIBRARY = "libc++";
				CLANG_ENABLE_MODULES = YES;
				CLANG_ENABLE_OBJC_ARC = YES;
				CLANG_WARN_BLOCK_CAPTURE_AUTORELEASING = YES;
				CLANG_WARN_BOOL_CONVERSION = YES;
				CLANG_WARN_COMMA = YES;
				CLANG_WARN_CONSTANT_CONVERSION = YES;
				CLANG_WARN_DIRECT_OBJC_ISA_USAGE = YES_ERROR;
				CLANG_WARN_DOCUMENTATION_COMMENTS = YES;
				CLANG_WARN_EMPTY_BODY = YES;
				CLANG_WARN_ENUM_CONVERSION = YES;
				CLANG_WARN_INFINITE_RECURSION = YES;
				CLANG_WARN_INT_CONVERSION = YES;
				CLANG_WARN_NON_LITERAL_NULL_CONVERSION = YES;
				CLANG_WARN_OBJC_LITERAL_CONVERSION = YES;
				CLANG_WARN_OBJC_ROOT_CLASS = YES_ERROR;
				CLANG_WARN_RANGE_LOOP_ANALYSIS = YES;
				CLANG_WARN_STRICT_PROTOTYPES = YES;
				CLANG_WARN_SUSPICIOUS_MOVE = YES;
				CLANG_WARN_UNGUARDED_AVAILABILITY = YES_AGGRESSIVE;
				CLANG_WARN_UNREACHABLE_CODE = YES;
				CLANG_WARN__DUPLICATE_METHOD_MATCH = YES;
				CODE_SIGN_IDENTITY = "-";
				COPY_PHASE_STRIP = NO;
				DEBUG_INFORMATION_FORMAT = dwarf;
				ENABLE_STRICT_OBJC_MSGSEND = YES;
				ENABLE_TESTABILITY = YES;
				GCC_C_LANGUAGE_STANDARD = gnu11;
				GCC_DYNAMIC_NO_PIC = NO;
				GCC_NO_COMMON_BLOCKS = YES;
				GCC_OPTIMIZATION_LEVEL = 0;
				GCC_PREPROCESSOR_DEFINITIONS = (
					"DEBUG=1",
					"$(inherited)",
				);
				GCC_WARN_64_TO_32_BIT_CONVERSION = YES;
				GCC_WARN_ABOUT_RETURN_TYPE = YES_ERROR;
				GCC_WARN_UNDECLARED_SELECTOR = YES;
				GCC_WARN_UNINITIALIZED_AUTOS = YES_AGGRESSIVE;
				GCC_WARN_UNUSED_FUNCTION = YES;
				GCC_WARN_UNUSED_VARIABLE = YES;
				MACOSX_DEPLOYMENT_TARGET = 10.12;
				MTL_ENABLE_DEBUG_INFO = YES;
				ONLY_ACTIVE_ARCH = YES;
				SDKROOT = macosx;
			};
			name = Debug;
		};
		F8ECFBD61F962B4100B34E55 /* Release */ = {
			isa = XCBuildConfiguration;
			buildSettings = {
				ALWAYS_SEARCH_USER_PATHS = NO;
				CLANG_ANALYZER_NONNULL = YES;
				CLANG_ANALYZER_NUMBER_OBJECT_CONVERSION = YES_AGGRESSIVE;
				CLANG_CXX_LANGUAGE_STANDARD = "gnu++14";
				CLANG_CXX_LIBRARY = "libc++";
				CLANG_ENABLE_MODULES = YES;
				CLANG_ENABLE_OBJC_ARC = YES;
				CLANG_WARN_BLOCK_CAPTURE_AUTORELEASING = YES;
				CLANG_WARN_BOOL_CONVERSION = YES;
				CLANG_WARN_COMMA = YES;
				CLANG_WARN_CONSTANT_CONVERSION = YES;
				CLANG_WARN_DIRECT_OBJC_ISA_USAGE = YES_ERROR;
				CLANG_WARN_DOCUMENTATION_COMMENTS = YES;
				CLANG_WARN_EMPTY_BODY = YES;
				CLANG_WARN_ENUM_CONVERSION = YES;
				CLANG_WARN_INFINITE_RECURSION = YES;
				CLANG_WARN_INT_CONVERSION = YES;
				CLANG_WARN_NON_LITERAL_NULL_CONVERSION = YES;
				CLANG_WARN_OBJC_LITERAL_CONVERSION = YES;
				CLANG_WARN_OBJC_ROOT_CLASS = YES_ERROR;
				CLANG_WARN_RANGE_LOOP_ANALYSIS = YES;
				CLANG_WARN_STRICT_PROTOTYPES = YES;
				CLANG_WARN_SUSPICIOUS_MOVE = YES;
				CLANG_WARN_UNGUARDED_AVAILABILITY = YES_AGGRESSIVE;
				CLANG_WARN_UNREACHABLE_CODE = YES;
				CLANG_WARN__DUPLICATE_METHOD_MATCH = YES;
				CODE_SIGN_IDENTITY = "-";
				COPY_PHASE_STRIP = NO;
				DEBUG_INFORMATION_FORMAT = "dwarf-with-dsym";
				ENABLE_NS_ASSERTIONS = NO;
				ENABLE_STRICT_OBJC_MSGSEND = YES;
				GCC_C_LANGUAGE_STANDARD = gnu11;
				GCC_NO_COMMON_BLOCKS = YES;
				GCC_WARN_64_TO_32_BIT_CONVERSION = YES;
				GCC_WARN_ABOUT_RETURN_TYPE = YES_ERROR;
				GCC_WARN_UNDECLARED_SELECTOR = YES;
				GCC_WARN_UNINITIALIZED_AUTOS = YES_AGGRESSIVE;
				GCC_WARN_UNUSED_FUNCTION = YES;
				GCC_WARN_UNUSED_VARIABLE = YES;
				MACOSX_DEPLOYMENT_TARGET = 10.12;
				MTL_ENABLE_DEBUG_INFO = NO;
				SDKROOT = macosx;
			};
			name = Release;
		};
		F8ECFBD81F962B4100B34E55 /* Debug */ = {
			isa = XCBuildConfiguration;
			buildSettings = {
				CODE_SIGN_STYLE = Automatic;
				"HEADER_SEARCH_PATHS[arch=*]" = /usr/local/include;
				"LIBRARY_SEARCH_PATHS[arch=*]" = /usr/local/lib;
				"OTHER_LDFLAGS[arch=*]" = (
					"-lmpi",
					"-lm",
				);
				PRODUCT_NAME = "$(TARGET_NAME)";
			};
			name = Debug;
		};
		F8ECFBD91F962B4100B34E55 /* Release */ = {
			isa = XCBuildConfiguration;
			buildSettings = {
				CODE_SIGN_STYLE = Automatic;
				"HEADER_SEARCH_PATHS[arch=*]" = /usr/local/include;
				"LIBRARY_SEARCH_PATHS[arch=*]" = /usr/local/lib;
				"OTHER_LDFLAGS[arch=*]" = (
					"-lmpi",
					"-lm",
				);
				PRODUCT_NAME = "$(TARGET_NAME)";
			};
			name = Release;
		};
/* End XCBuildConfiguration section */

/* Begin XCConfigurationList section */
		F8ECFBCB1F962B4100B34E55 /* Build configuration list for PBXProject "mpi_hello" */ = {
			isa = XCConfigurationList;
			buildConfigurations = (
				F8ECFBD51F962B4100B34E55 /* Debug */,
				F8ECFBD61F962B4100B34E55 /* Release */,
			);
			defaultConfigurationIsVisible = 0;
			defaultConfigurationName = Release;
		};
		F8ECFBD71F962B4100B34E55 /* Build configuration list for PBXNativeTarget "mpi_hello" */ = {
			isa = XCConfigurationList;
			buildConfigurations = (
				F8ECFBD81F962B4100B34E55 /* Debug */,
				F8ECFBD91F962B4100B34E55 /* Release */,
			);
			defaultConfigurationIsVisible = 0;
			defaultConfigurationName = Release;
		};
/* End XCConfigurationList section */
	};
	rootObject = F8ECFBC81F962B4100B34E55 /* Project object */;
}
